
Microsoft Visual Studio Solution File, Format Version 12.00
# Visual Studio Version 16
VisualStudioVersion = 16.0.30709.64
MinimumVisualStudioVersion = 10.0.40219.1
Project("{FAE04EC0-301F-11D3-BF4B-00C04F79EFBC}") = "TestCountDown", "TestCountDown\TestCountDown.csproj", "{EC8B7897-34DB-4DB6-8655-8A4001EA70A1}"
EndProject
Global
	GlobalSection(SolutionConfigurationPlatforms) = preSolution
		Debug|Any CPU = Debug|Any CPU
		Release|Any CPU = Release|Any CPU
	EndGlobalSection
	GlobalSection(ProjectConfigurationPlatforms) = postSolution
		{EC8B7897-34DB-4DB6-8655-8A4001EA70A1}.Debug|Any CPU.ActiveCfg = Debug|Any CPU
		{EC8B7897-34DB-4DB6-8655-8A4001EA70A1}.Debug|Any CPU.Build.0 = Debug|Any CPU
		{EC8B7897-34DB-4DB6-8655-8A4001EA70A1}.Release|Any CPU.ActiveCfg = Release|Any CPU
		{EC8B7897-34DB-4DB6-8655-8A4001EA70A1}.Release|Any CPU.Build.0 = Release|Any CPU
	EndGlobalSection
	GlobalSection(SolutionProperties) = preSolution
		HideSolutionNode = FALSE
	EndGlobalSection
	GlobalSection(ExtensibilityGlobals) = postSolution
		SolutionGuid = {2B01AC68-534B-46E8-93A5-5ECDC9566FA1}
	EndGlobalSection
EndGlobal
